
Microsoft Visual Studio Solution File, Format Version 12.00
# Visual Studio 15
VisualStudioVersion = 15.0.27428.2005
MinimumVisualStudioVersion = 10.0.40219.1
Project("{FAE04EC0-301F-11D3-BF4B-00C04F79EFBC}") = "GettingStartedClient", "GettingStartedClient\GettingStartedClient.csproj", "{22F9960E-B5CF-4FAE-A0BC-96E30FD2FA46}"
EndProject
Global
	GlobalSection(SolutionConfigurationPlatforms) = preSolution
		Debug|Any CPU = Debug|Any CPU
		Release|Any CPU = Release|Any CPU
	EndGlobalSection
	GlobalSection(ProjectConfigurationPlatforms) = postSolution
		{22F9960E-B5CF-4FAE-A0BC-96E30FD2FA46}.Debug|Any CPU.ActiveCfg = Debug|Any CPU
		{22F9960E-B5CF-4FAE-A0BC-96E30FD2FA46}.Debug|Any CPU.Build.0 = Debug|Any CPU
		{22F9960E-B5CF-4FAE-A0BC-96E30FD2FA46}.Release|Any CPU.ActiveCfg = Release|Any CPU
		{22F9960E-B5CF-4FAE-A0BC-96E30FD2FA46}.Release|Any CPU.Build.0 = Release|Any CPU
	EndGlobalSection
	GlobalSection(SolutionProperties) = preSolution
		HideSolutionNode = FALSE
	EndGlobalSection
	GlobalSection(ExtensibilityGlobals) = postSolution
		SolutionGuid = {BFF5C1D6-CCC9-4845-96D9-ADAC333BDC87}
	EndGlobalSection
EndGlobal
